
Microsoft Visual Studio Solution File, Format Version 12.00
# Visual Studio Version 17
VisualStudioVersion = 17.0.31903.59
MinimumVisualStudioVersion = 10.0.40219.1
Project("{2150E333-8FDC-42A3-9474-1A3956D46DE8}") = "src", "src", "{827E0CD3-B72D-47B6-A68D-7590B98EB39B}"
EndProject
Project("{FAE04EC0-301F-11D3-BF4B-00C04F79EFBC}") = "AtlasERP.Core", "src\AtlasERP.Core\AtlasERP.Core.csproj", "{252D867B-4650-49CF-B787-241264B8D732}"
EndProject
Project("{FAE04EC0-301F-11D3-BF4B-00C04F79EFBC}") = "AtlasERP.Desktop", "src\AtlasERP.Desktop\AtlasERP.Desktop.csproj", "{F95E9094-5D0D-4226-90D7-B8D55F5CB8AB}"
EndProject
Project("{FAE04EC0-301F-11D3-BF4B-00C04F79EFBC}") = "AtlasERP.Modules.Inventory", "src\AtlasERP.Modules.Inventory\AtlasERP.Modules.Inventory.csproj", "{CC9B6E3B-1616-48E8-9CCE-EE46B21434B4}"
EndProject
Project("{FAE04EC0-301F-11D3-BF4B-00C04F79EFBC}") = "AtlasERP.Modules.Sales", "src\AtlasERP.Modules.Sales\AtlasERP.Modules.Sales.csproj", "{0225F2AF-AA2B-49D1-9FFE-023D9D7BFA2C}"
EndProject
Project("{FAE04EC0-301F-11D3-BF4B-00C04F79EFBC}") = "AtlasERP.Modules.Accounting", "src\AtlasERP.Modules.Accounting\AtlasERP.Modules.Accounting.csproj", "{E5825A25-2B28-4146-8C6E-66A3469CCF3A}"
EndProject
Project("{FAE04EC0-301F-11D3-BF4B-00C04F79EFBC}") = "AtlasERP.Modules.HR", "src\AtlasERP.Modules.HR\AtlasERP.Modules.HR.csproj", "{EB56850B-3D5B-40CA-8954-3974AC11C2E6}"
EndProject
Project("{2150E333-8FDC-42A3-9474-1A3956D46DE8}") = "tests", "tests", "{0AB3BF05-4346-4AA6-1389-037BE0695223}"
EndProject
Project("{FAE04EC0-301F-11D3-BF4B-00C04F79EFBC}") = "AtlasERP.Tests", "tests\AtlasERP.Desktop.NUnit.Tests\AtlasERP.Desktop.NUnit.Tests.csproj", "{1A0CB028-768C-470C-904B-B88D2E903C3D}"
EndProject
Global
	GlobalSection(SolutionConfigurationPlatforms) = preSolution
		Debug|Any CPU = Debug|Any CPU
		Debug|x64 = Debug|x64
		Debug|x86 = Debug|x86
		Release|Any CPU = Release|Any CPU
		Release|x64 = Release|x64
		Release|x86 = Release|x86
	EndGlobalSection
	GlobalSection(ProjectConfigurationPlatforms) = postSolution
		{252D867B-4650-49CF-B787-241264B8D732}.Debug|Any CPU.ActiveCfg = Debug|Any CPU
		{252D867B-4650-49CF-B787-241264B8D732}.Debug|Any CPU.Build.0 = Debug|Any CPU
		{252D867B-4650-49CF-B787-241264B8D732}.Debug|x64.ActiveCfg = Debug|Any CPU
		{252D867B-4650-49CF-B787-241264B8D732}.Debug|x64.Build.0 = Debug|Any CPU
		{252D867B-4650-49CF-B787-241264B8D732}.Debug|x86.ActiveCfg = Debug|Any CPU
		{252D867B-4650-49CF-B787-241264B8D732}.Debug|x86.Build.0 = Debug|Any CPU
		{252D867B-4650-49CF-B787-241264B8D732}.Release|Any CPU.ActiveCfg = Release|Any CPU
		{252D867B-4650-49CF-B787-241264B8D732}.Release|Any CPU.Build.0 = Release|Any CPU
		{252D867B-4650-49CF-B787-241264B8D732}.Release|x64.ActiveCfg = Release|Any CPU
		{252D867B-4650-49CF-B787-241264B8D732}.Release|x64.Build.0 = Release|Any CPU
		{252D867B-4650-49CF-B787-241264B8D732}.Release|x86.ActiveCfg = Release|Any CPU
		{252D867B-4650-49CF-B787-241264B8D732}.Release|x86.Build.0 = Release|Any CPU
		{F95E9094-5D0D-4226-90D7-B8D55F5CB8AB}.Debug|Any CPU.ActiveCfg = Debug|Any CPU
		{F95E9094-5D0D-4226-90D7-B8D55F5CB8AB}.Debug|Any CPU.Build.0 = Debug|Any CPU
		{F95E9094-5D0D-4226-90D7-B8D55F5CB8AB}.Debug|x64.ActiveCfg = Debug|Any CPU
		{F95E9094-5D0D-4226-90D7-B8D55F5CB8AB}.Debug|x64.Build.0 = Debug|Any CPU
		{F95E9094-5D0D-4226-90D7-B8D55F5CB8AB}.Debug|x86.ActiveCfg = Debug|Any CPU
		{F95E9094-5D0D-4226-90D7-B8D55F5CB8AB}.Debug|x86.Build.0 = Debug|Any CPU
		{F95E9094-5D0D-4226-90D7-B8D55F5CB8AB}.Release|Any CPU.ActiveCfg = Release|Any CPU
		{F95E9094-5D0D-4226-90D7-B8D55F5CB8AB}.Release|Any CPU.Build.0 = Release|Any CPU
		{F95E9094-5D0D-4226-90D7-B8D55F5CB8AB}.Release|x64.ActiveCfg = Release|Any CPU
		{F95E9094-5D0D-4226-90D7-B8D55F5CB8AB}.Release|x64.Build.0 = Release|Any CPU
		{F95E9094-5D0D-4226-90D7-B8D55F5CB8AB}.Release|x86.ActiveCfg = Release|Any CPU
		{F95E9094-5D0D-4226-90D7-B8D55F5CB8AB}.Release|x86.Build.0 = Release|Any CPU
		{CC9B6E3B-1616-48E8-9CCE-EE46B21434B4}.Debug|Any CPU.ActiveCfg = Debug|Any CPU
		{CC9B6E3B-1616-48E8-9CCE-EE46B21434B4}.Debug|Any CPU.Build.0 = Debug|Any CPU
		{CC9B6E3B-1616-48E8-9CCE-EE46B21434B4}.Debug|x64.ActiveCfg = Debug|Any CPU
		{CC9B6E3B-1616-48E8-9CCE-EE46B21434B4}.Debug|x64.Build.0 = Debug|Any CPU
		{CC9B6E3B-1616-48E8-9CCE-EE46B21434B4}.Debug|x86.ActiveCfg = Debug|Any CPU
		{CC9B6E3B-1616-48E8-9CCE-EE46B21434B4}.Debug|x86.Build.0 = Debug|Any CPU
		{CC9B6E3B-1616-48E8-9CCE-EE46B21434B4}.Release|Any CPU.ActiveCfg = Release|Any CPU
		{CC9B6E3B-1616-48E8-9CCE-EE46B21434B4}.Release|Any CPU.Build.0 = Release|Any CPU
		{CC9B6E3B-1616-48E8-9CCE-EE46B21434B4}.Release|x64.ActiveCfg = Release|Any CPU
		{CC9B6E3B-1616-48E8-9CCE-EE46B21434B4}.Release|x64.Build.0 = Release|Any CPU
		{CC9B6E3B-1616-48E8-9CCE-EE46B21434B4}.Release|x86.ActiveCfg = Release|Any CPU
		{CC9B6E3B-1616-48E8-9CCE-EE46B21434B4}.Release|x86.Build.0 = Release|Any CPU
		{0225F2AF-AA2B-49D1-9FFE-023D9D7BFA2C}.Debug|Any CPU.ActiveCfg = Debug|Any CPU
		{0225F2AF-AA2B-49D1-9FFE-023D9D7BFA2C}.Debug|Any CPU.Build.0 = Debug|Any CPU
		{0225F2AF-AA2B-49D1-9FFE-023D9D7BFA2C}.Debug|x64.ActiveCfg = Debug|Any CPU
		{0225F2AF-AA2B-49D1-9FFE-023D9D7BFA2C}.Debug|x64.Build.0 = Debug|Any CPU
		{0225F2AF-AA2B-49D1-9FFE-023D9D7BFA2C}.Debug|x86.ActiveCfg = Debug|Any CPU
		{0225F2AF-AA2B-49D1-9FFE-023D9D7BFA2C}.Debug|x86.Build.0 = Debug|Any CPU
		{0225F2AF-AA2B-49D1-9FFE-023D9D7BFA2C}.Release|Any CPU.ActiveCfg = Release|Any CPU
		{0225F2AF-AA2B-49D1-9FFE-023D9D7BFA2C}.Release|Any CPU.Build.0 = Release|Any CPU
		{0225F2AF-AA2B-49D1-9FFE-023D9D7BFA2C}.Release|x64.ActiveCfg = Release|Any CPU
		{0225F2AF-AA2B-49D1-9FFE-023D9D7BFA2C}.Release|x64.Build.0 = Release|Any CPU
		{0225F2AF-AA2B-49D1-9FFE-023D9D7BFA2C}.Release|x86.ActiveCfg = Release|Any CPU
		{0225F2AF-AA2B-49D1-9FFE-023D9D7BFA2C}.Release|x86.Build.0 = Release|Any CPU
		{E5825A25-2B28-4146-8C6E-66A3469CCF3A}.Debug|Any CPU.ActiveCfg = Debug|Any CPU
		{E5825A25-2B28-4146-8C6E-66A3469CCF3A}.Debug|Any CPU.Build.0 = Debug|Any CPU
		{E5825A25-2B28-4146-8C6E-66A3469CCF3A}.Debug|x64.ActiveCfg = Debug|Any CPU
		{E5825A25-2B28-4146-8C6E-66A3469CCF3A}.Debug|x64.Build.0 = Debug|Any CPU
		{E5825A25-2B28-4146-8C6E-66A3469CCF3A}.Debug|x86.ActiveCfg = Debug|Any CPU
		{E5825A25-2B28-4146-8C6E-66A3469CCF3A}.Debug|x86.Build.0 = Debug|Any CPU
		{E5825A25-2B28-4146-8C6E-66A3469CCF3A}.Release|Any CPU.ActiveCfg = Release|Any CPU
		{E5825A25-2B28-4146-8C6E-66A3469CCF3A}.Release|Any CPU.Build.0 = Release|Any CPU
		{E5825A25-2B28-4146-8C6E-66A3469CCF3A}.Release|x64.ActiveCfg = Release|Any CPU
		{E5825A25-2B28-4146-8C6E-66A3469CCF3A}.Release|x64.Build.0 = Release|Any CPU
		{E5825A25-2B28-4146-8C6E-66A3469CCF3A}.Release|x86.ActiveCfg = Release|Any CPU
		{E5825A25-2B28-4146-8C6E-66A3469CCF3A}.Release|x86.Build.0 = Release|Any CPU
		{EB56850B-3D5B-40CA-8954-3974AC11C2E6}.Debug|Any CPU.ActiveCfg = Debug|Any CPU
		{EB56850B-3D5B-40CA-8954-3974AC11C2E6}.Debug|Any CPU.Build.0 = Debug|Any CPU
		{EB56850B-3D5B-40CA-8954-3974AC11C2E6}.Debug|x64.ActiveCfg = Debug|Any CPU
		{EB56850B-3D5B-40CA-8954-3974AC11C2E6}.Debug|x64.Build.0 = Debug|Any CPU
		{EB56850B-3D5B-40CA-8954-3974AC11C2E6}.Debug|x86.ActiveCfg = Debug|Any CPU
		{EB56850B-3D5B-40CA-8954-3974AC11C2E6}.Debug|x86.Build.0 = Debug|Any CPU
		{EB56850B-3D5B-40CA-8954-3974AC11C2E6}.Release|Any CPU.ActiveCfg = Release|Any CPU
		{EB56850B-3D5B-40CA-8954-3974AC11C2E6}.Release|Any CPU.Build.0 = Release|Any CPU
		{EB56850B-3D5B-40CA-8954-3974AC11C2E6}.Release|x64.ActiveCfg = Release|Any CPU
		{EB56850B-3D5B-40CA-8954-3974AC11C2E6}.Release|x64.Build.0 = Release|Any CPU
		{EB56850B-3D5B-40CA-8954-3974AC11C2E6}.Release|x86.ActiveCfg = Release|Any CPU
		{EB56850B-3D5B-40CA-8954-3974AC11C2E6}.Release|x86.Build.0 = Release|Any CPU
		{1A0CB028-768C-470C-904B-B88D2E903C3D}.Debug|Any CPU.ActiveCfg = Debug|Any CPU
		{1A0CB028-768C-470C-904B-B88D2E903C3D}.Debug|Any CPU.Build.0 = Debug|Any CPU
		{1A0CB028-768C-470C-904B-B88D2E903C3D}.Debug|x64.ActiveCfg = Debug|Any CPU
		{1A0CB028-768C-470C-904B-B88D2E903C3D}.Debug|x64.Build.0 = Debug|Any CPU
		{1A0CB028-768C-470C-904B-B88D2E903C3D}.Debug|x86.ActiveCfg = Debug|Any CPU
		{1A0CB028-768C-470C-904B-B88D2E903C3D}.Debug|x86.Build.0 = Debug|Any CPU
		{1A0CB028-768C-470C-904B-B88D2E903C3D}.Release|Any CPU.ActiveCfg = Release|Any CPU
		{1A0CB028-768C-470C-904B-B88D2E903C3D}.Release|Any CPU.Build.0 = Release|Any CPU
		{1A0CB028-768C-470C-904B-B88D2E903C3D}.Release|x64.ActiveCfg = Release|Any CPU
		{1A0CB028-768C-470C-904B-B88D2E903C3D}.Release|x64.Build.0 = Release|Any CPU
		{1A0CB028-768C-470C-904B-B88D2E903C3D}.Release|x86.ActiveCfg = Release|Any CPU
		{1A0CB028-768C-470C-904B-B88D2E903C3D}.Release|x86.Build.0 = Release|Any CPU
	EndGlobalSection
	GlobalSection(SolutionProperties) = preSolution
		HideSolutionNode = FALSE
	EndGlobalSection
	GlobalSection(NestedProjects) = preSolution
		{252D867B-4650-49CF-B787-241264B8D732} = {827E0CD3-B72D-47B6-A68D-7590B98EB39B}
		{F95E9094-5D0D-4226-90D7-B8D55F5CB8AB} = {827E0CD3-B72D-47B6-A68D-7590B98EB39B}
		{CC9B6E3B-1616-48E8-9CCE-EE46B21434B4} = {827E0CD3-B72D-47B6-A68D-7590B98EB39B}
		{0225F2AF-AA2B-49D1-9FFE-023D9D7BFA2C} = {827E0CD3-B72D-47B6-A68D-7590B98EB39B}
		{E5825A25-2B28-4146-8C6E-66A3469CCF3A} = {827E0CD3-B72D-47B6-A68D-7590B98EB39B}
		{EB56850B-3D5B-40CA-8954-3974AC11C2E6} = {827E0CD3-B72D-47B6-A68D-7590B98EB39B}
		{1A0CB028-768C-470C-904B-B88D2E903C3D} = {0AB3BF05-4346-4AA6-1389-037BE0695223}
	EndGlobalSection
EndGlobal
